<?xml version="1.0" encoding="UTF-8" standalone="yes" ?>
<CodeBlocks_project_file>
	<FileVersion major="1" minor="6" />
	<Project>
		<Option title="EDSR" />
		<Option pch_mode="2" />
		<Option compiler="gcc" />
		<Build>
			<Target title="Debug">
				<Option output="bin/Debug/SystemC_test_project" prefix_auto="1" extension_auto="1" />
				<Option object_output="obj/Debug/" />
				<Option type="1" />
				<Option compiler="gcc" />
				<Compiler>
					<Add option="-g" />
					<Add directory="/home/aleksa98stojkovic/Desktop/System_Level_Design/SystemC_test_project/" />
				</Compiler>
				<Linker>
					<Add library="systemc" />
					<Add directory="/home/aleksa98stojkovic/Desktop/System_Level_Design/SystemC_test_project/" />
				</Linker>
			</Target>
			<Target title="Release">
				<Option output="bin/Release/SystemC_test_project" prefix_auto="1" extension_auto="1" />
				<Option object_output="obj/Release/" />
				<Option type="1" />
				<Option compiler="gcc" />
				<Compiler>
					<Add option="-O2" />
					<Add directory="/home/aleksa98stojkovic/Desktop/System_Level_Design/SystemC_test_project/" />
				</Compiler>
				<Linker>
					<Add option="-s" />
					<Add library="systemc" />
					<Add directory="/home/aleksa98stojkovic/Desktop/System_Level_Design/SystemC_test_project/" />
				</Linker>
			</Target>
		</Build>
		<Compiler>
			<Add option="-Wall" />
			<Add option="-fexceptions" />
		</Compiler>
		<Unit filename="Add.cpp" />
		<Unit filename="Add.h" />
		<Unit filename="Conv2D.cpp" />
		<Unit filename="Conv2D.h" />
		<Unit filename="Normalization.cpp" />
		<Unit filename="Normalization.h" />
		<Unit filename="Pixel_Shuffle.cpp" />
		<Unit filename="Pixel_Shuffle.h" />
		<Unit filename="Quantization.cpp" />
		<Unit filename="common.h" />
		<Unit filename="load_store.cpp" />
		<Unit filename="load_store.h" />
		<Unit filename="main.cpp" />
		<Extensions />
	</Project>
</CodeBlocks_project_file>
